
Microsoft Visual Studio Solution File, Format Version 12.00
Project("{FAE04EC0-301F-11D3-BF4B-00C04F79EFBC}") = "OptimalCleanPrimal", "OptimalCleanPrimal\OptimalCleanPrimal.csproj", "{C730C6E8-F96B-4619-B462-239455FD91F0}"
EndProject
Project("{FAE04EC0-301F-11D3-BF4B-00C04F79EFBC}") = "OptimalCleanPrimal.Test", "OptimalCleanPrimal.Test\OptimalCleanPrimal.Test.csproj", "{A6431DBC-3ABF-457B-97FE-12061ABD4FE4}"
EndProject
Global
	GlobalSection(SolutionConfigurationPlatforms) = preSolution
		Debug|Any CPU = Debug|Any CPU
		Release|Any CPU = Release|Any CPU
	EndGlobalSection
	GlobalSection(ProjectConfigurationPlatforms) = postSolution
		{C730C6E8-F96B-4619-B462-239455FD91F0}.Debug|Any CPU.ActiveCfg = Debug|Any CPU
		{C730C6E8-F96B-4619-B462-239455FD91F0}.Debug|Any CPU.Build.0 = Debug|Any CPU
		{C730C6E8-F96B-4619-B462-239455FD91F0}.Release|Any CPU.ActiveCfg = Release|Any CPU
		{C730C6E8-F96B-4619-B462-239455FD91F0}.Release|Any CPU.Build.0 = Release|Any CPU
		{A6431DBC-3ABF-457B-97FE-12061ABD4FE4}.Debug|Any CPU.ActiveCfg = Debug|Any CPU
		{A6431DBC-3ABF-457B-97FE-12061ABD4FE4}.Debug|Any CPU.Build.0 = Debug|Any CPU
		{A6431DBC-3ABF-457B-97FE-12061ABD4FE4}.Release|Any CPU.ActiveCfg = Release|Any CPU
		{A6431DBC-3ABF-457B-97FE-12061ABD4FE4}.Release|Any CPU.Build.0 = Release|Any CPU
	EndGlobalSection
EndGlobal
